
Microsoft Visual Studio Solution File, Format Version 12.00
# Visual Studio Version 16
VisualStudioVersion = 16.0.28729.10
MinimumVisualStudioVersion = 10.0.40219.1
Project("{FAE04EC0-301F-11D3-BF4B-00C04F79EFBC}") = "ElibraryManagement", "ElibraryManagement\ElibraryManagement.csproj", "{7BF83AD0-8A97-4651-9C9F-D9EA293AE9DD}"
EndProject
Global
	GlobalSection(SolutionConfigurationPlatforms) = preSolution
		Debug|Any CPU = Debug|Any CPU
		Release|Any CPU = Release|Any CPU
	EndGlobalSection
	GlobalSection(ProjectConfigurationPlatforms) = postSolution
		{7BF83AD0-8A97-4651-9C9F-D9EA293AE9DD}.Debug|Any CPU.ActiveCfg = Debug|Any CPU
		{7BF83AD0-8A97-4651-9C9F-D9EA293AE9DD}.Debug|Any CPU.Build.0 = Debug|Any CPU
		{7BF83AD0-8A97-4651-9C9F-D9EA293AE9DD}.Release|Any CPU.ActiveCfg = Release|Any CPU
		{7BF83AD0-8A97-4651-9C9F-D9EA293AE9DD}.Release|Any CPU.Build.0 = Release|Any CPU
	EndGlobalSection
	GlobalSection(SolutionProperties) = preSolution
		HideSolutionNode = FALSE
	EndGlobalSection
	GlobalSection(ExtensibilityGlobals) = postSolution
		SolutionGuid = {52DDFA63-E734-40C6-90CD-0BB1FAF9BDDD}
	EndGlobalSection
EndGlobal
